// !$*UTF8*$!
{
	archiveVersion = 1;
	classes = {
	};
	objectVersion = 50;
	objects = {

/* Begin PBXBuildFile section */
		79BF0AFF20A27DE300833411 /* AppDelegate.swift in Sources */ = {isa = PBXBuildFile; fileRef = 79BF0AFE20A27DE300833411 /* AppDelegate.swift */; };
		79BF0B0120A27DE300833411 /* ViewController.swift in Sources */ = {isa = PBXBuildFile; fileRef = 79BF0B0020A27DE300833411 /* ViewController.swift */; };
		79BF0B0420A27DE300833411 /* Main.storyboard in Resources */ = {isa = PBXBuildFile; fileRef = 79BF0B0220A27DE300833411 /* Main.storyboard */; };
		79BF0B0720A27DE300833411 /* Shopify_Deepesh.xcdatamodeld in Sources */ = {isa = PBXBuildFile; fileRef = 79BF0B0520A27DE300833411 /* Shopify_Deepesh.xcdatamodeld */; };
		79BF0B0920A27DE600833411 /* Assets.xcassets in Resources */ = {isa = PBXBuildFile; fileRef = 79BF0B0820A27DE600833411 /* Assets.xcassets */; };
		79BF0B0C20A27DE600833411 /* LaunchScreen.storyboard in Resources */ = {isa = PBXBuildFile; fileRef = 79BF0B0A20A27DE600833411 /* LaunchScreen.storyboard */; };
		79BF0B1720A27DE600833411 /* Shopify_DeepeshTests.swift in Sources */ = {isa = PBXBuildFile; fileRef = 79BF0B1620A27DE600833411 /* Shopify_DeepeshTests.swift */; };
		79BF0B2220A27DE600833411 /* Shopify_DeepeshUITests.swift in Sources */ = {isa = PBXBuildFile; fileRef = 79BF0B2120A27DE600833411 /* Shopify_DeepeshUITests.swift */; };
/* End PBXBuildFile section */

/* Begin PBXContainerItemProxy section */
		79BF0B1320A27DE600833411 /* PBXContainerItemProxy */ = {
			isa = PBXContainerItemProxy;
			containerPortal = 79BF0AF320A27DE300833411 /* Project object */;
			proxyType = 1;
			remoteGlobalIDString = 79BF0AFA20A27DE300833411;
			remoteInfo = Shopify_Deepesh;
		};
		79BF0B1E20A27DE600833411 /* PBXContainerItemProxy */ = {
			isa = PBXContainerItemProxy;
			containerPortal = 79BF0AF320A27DE300833411 /* Project object */;
			proxyType = 1;
			remoteGlobalIDString = 79BF0AFA20A27DE300833411;
			remoteInfo = Shopify_Deepesh;
		};
/* End PBXContainerItemProxy section */

/* Begin PBXFileReference section */
		79BF0AFB20A27DE300833411 /* Shopify_Deepesh.app */ = {isa = PBXFileReference; explicitFileType = wrapper.application; includeInIndex = 0; path = Shopify_Deepesh.app; sourceTree = BUILT_PRODUCTS_DIR; };
		79BF0AFE20A27DE300833411 /* AppDelegate.swift */ = {isa = PBXFileReference; lastKnownFileType = sourcecode.swift; path = AppDelegate.swift; sourceTree = "<group>"; };
		79BF0B0020A27DE300833411 /* ViewController.swift */ = {isa = PBXFileReference; lastKnownFileType = sourcecode.swift; path = ViewController.swift; sourceTree = "<group>"; };
		79BF0B0320A27DE300833411 /* Base */ = {isa = PBXFileReference; lastKnownFileType = file.storyboard; name = Base; path = Base.lproj/Main.storyboard; sourceTree = "<group>"; };
		79BF0B0620A27DE300833411 /* Shopify_Deepesh.xcdatamodel */ = {isa = PBXFileReference; lastKnownFileType = wrapper.xcdatamodel; path = Shopify_Deepesh.xcdatamodel; sourceTree = "<group>"; };
		79BF0B0820A27DE600833411 /* Assets.xcassets */ = {isa = PBXFileReference; lastKnownFileType = folder.assetcatalog; path = Assets.xcassets; sourceTree = "<group>"; };
		79BF0B0B20A27DE600833411 /* Base */ = {isa = PBXFileReference; lastKnownFileType = file.storyboard; name = Base; path = Base.lproj/LaunchScreen.storyboard; sourceTree = "<group>"; };
		79BF0B0D20A27DE600833411 /* Info.plist */ = {isa = PBXFileReference; lastKnownFileType = text.plist.xml; path = Info.plist; sourceTree = "<group>"; };
		79BF0B1220A27DE600833411 /* Shopify_DeepeshTests.xctest */ = {isa = PBXFileReference; explicitFileType = wrapper.cfbundle; includeInIndex = 0; path = Shopify_DeepeshTests.xctest; sourceTree = BUILT_PRODUCTS_DIR; };
		79BF0B1620A27DE600833411 /* Shopify_DeepeshTests.swift */ = {isa = PBXFileReference; lastKnownFileType = sourcecode.swift; path = Shopify_DeepeshTests.swift; sourceTree = "<group>"; };
		79BF0B1820A27DE600833411 /* Info.plist */ = {isa = PBXFileReference; lastKnownFileType = text.plist.xml; path = Info.plist; sourceTree = "<group>"; };
		79BF0B1D20A27DE600833411 /* Shopify_DeepeshUITests.xctest */ = {isa = PBXFileReference; explicitFileType = wrapper.cfbundle; includeInIndex = 0; path = Shopify_DeepeshUITests.xctest; sourceTree = BUILT_PRODUCTS_DIR; };
		79BF0B2120A27DE600833411 /* Shopify_DeepeshUITests.swift */ = {isa = PBXFileReference; lastKnownFileType = sourcecode.swift; path = Shopify_DeepeshUITests.swift; sourceTree = "<group>"; };
		79BF0B2320A27DE600833411 /* Info.plist */ = {isa = PBXFileReference; lastKnownFileType = text.plist.xml; path = Info.plist; sourceTree = "<group>"; };
/* End PBXFileReference section */

/* Begin PBXFrameworksBuildPhase section */
		79BF0AF820A27DE300833411 /* Frameworks */ = {
			isa = PBXFrameworksBuildPhase;
			buildActionMask = 2147483647;
			files = (
			);
			runOnlyForDeploymentPostprocessing = 0;
		};
		79BF0B0F20A27DE600833411 /* Frameworks */ = {
			isa = PBXFrameworksBuildPhase;
			buildActionMask = 2147483647;
			files = (
			);
			runOnlyForDeploymentPostprocessing = 0;
		};
		79BF0B1A20A27DE600833411 /* Frameworks */ = {
			isa = PBXFrameworksBuildPhase;
			buildActionMask = 2147483647;
			files = (
			);
			runOnlyForDeploymentPostprocessing = 0;
		};
/* End PBXFrameworksBuildPhase section */

/* Begin PBXGroup section */
		79BF0AF220A27DE300833411 = {
			isa = PBXGroup;
			children = (
				79BF0AFD20A27DE300833411 /* Shopify_Deepesh */,
				79BF0B1520A27DE600833411 /* Shopify_DeepeshTests */,
				79BF0B2020A27DE600833411 /* Shopify_DeepeshUITests */,
				79BF0AFC20A27DE300833411 /* Products */,
			);
			sourceTree = "<group>";
		};
		79BF0AFC20A27DE300833411 /* Products */ = {
			isa = PBXGroup;
			children = (
				79BF0AFB20A27DE300833411 /* Shopify_Deepesh.app */,
				79BF0B1220A27DE600833411 /* Shopify_DeepeshTests.xctest */,
				79BF0B1D20A27DE600833411 /* Shopify_DeepeshUITests.xctest */,
			);
			name = Products;
			sourceTree = "<group>";
		};
		79BF0AFD20A27DE300833411 /* Shopify_Deepesh */ = {
			isa = PBXGroup;
			children = (
				79BF0AFE20A27DE300833411 /* AppDelegate.swift */,
				79BF0B0020A27DE300833411 /* ViewController.swift */,
				79BF0B0220A27DE300833411 /* Main.storyboard */,
				79BF0B0820A27DE600833411 /* Assets.xcassets */,
				79BF0B0A20A27DE600833411 /* LaunchScreen.storyboard */,
				79BF0B0D20A27DE600833411 /* Info.plist */,
				79BF0B0520A27DE300833411 /* Shopify_Deepesh.xcdatamodeld */,
			);
			path = Shopify_Deepesh;
			sourceTree = "<group>";
		};
		79BF0B1520A27DE600833411 /* Shopify_DeepeshTests */ = {
			isa = PBXGroup;
			children = (
				79BF0B1620A27DE600833411 /* Shopify_DeepeshTests.swift */,
				79BF0B1820A27DE600833411 /* Info.plist */,
			);
			path = Shopify_DeepeshTests;
			sourceTree = "<group>";
		};
		79BF0B2020A27DE600833411 /* Shopify_DeepeshUITests */ = {
			isa = PBXGroup;
			children = (
				79BF0B2120A27DE600833411 /* Shopify_DeepeshUITests.swift */,
				79BF0B2320A27DE600833411 /* Info.plist */,
			);
			path = Shopify_DeepeshUITests;
			sourceTree = "<group>";
		};
/* End PBXGroup section */

/* Begin PBXNativeTarget section */
		79BF0AFA20A27DE300833411 /* Shopify_Deepesh */ = {
			isa = PBXNativeTarget;
			buildConfigurationList = 79BF0B2620A27DE600833411 /* Build configuration list for PBXNativeTarget "Shopify_Deepesh" */;
			buildPhases = (
				79BF0AF720A27DE300833411 /* Sources */,
				79BF0AF820A27DE300833411 /* Frameworks */,
				79BF0AF920A27DE300833411 /* Resources */,
			);
			buildRules = (
			);
			dependencies = (
			);
			name = Shopify_Deepesh;
			productName = Shopify_Deepesh;
			productReference = 79BF0AFB20A27DE300833411 /* Shopify_Deepesh.app */;
			productType = "com.apple.product-type.application";
		};
		79BF0B1120A27DE600833411 /* Shopify_DeepeshTests */ = {
			isa = PBXNativeTarget;
			buildConfigurationList = 79BF0B2920A27DE600833411 /* Build configuration list for PBXNativeTarget "Shopify_DeepeshTests" */;
			buildPhases = (
				79BF0B0E20A27DE600833411 /* Sources */,
				79BF0B0F20A27DE600833411 /* Frameworks */,
				79BF0B1020A27DE600833411 /* Resources */,
			);
			buildRules = (
			);
			dependencies = (
				79BF0B1420A27DE600833411 /* PBXTargetDependency */,
			);
			name = Shopify_DeepeshTests;
			productName = Shopify_DeepeshTests;
			productReference = 79BF0B1220A27DE600833411 /* Shopify_DeepeshTests.xctest */;
			productType = "com.apple.product-type.bundle.unit-test";
		};
		79BF0B1C20A27DE600833411 /* Shopify_DeepeshUITests */ = {
			isa = PBXNativeTarget;
			buildConfigurationList = 79BF0B2C20A27DE600833411 /* Build configuration list for PBXNativeTarget "Shopify_DeepeshUITests" */;
			buildPhases = (
				79BF0B1920A27DE600833411 /* Sources */,
				79BF0B1A20A27DE600833411 /* Frameworks */,
				79BF0B1B20A27DE600833411 /* Resources */,
			);
			buildRules = (
			);
			dependencies = (
				79BF0B1F20A27DE600833411 /* PBXTargetDependency */,
			);
			name = Shopify_DeepeshUITests;
			productName = Shopify_DeepeshUITests;
			productReference = 79BF0B1D20A27DE600833411 /* Shopify_DeepeshUITests.xctest */;
			productType = "com.apple.product-type.bundle.ui-testing";
		};
/* End PBXNativeTarget section */

/* Begin PBXProject section */
		79BF0AF320A27DE300833411 /* Project object */ = {
			isa = PBXProject;
			attributes = {
				LastSwiftUpdateCheck = 0930;
				LastUpgradeCheck = 0930;
				ORGANIZATIONNAME = "Deepesh Mehta";
				TargetAttributes = {
					79BF0AFA20A27DE300833411 = {
						CreatedOnToolsVersion = 9.3;
					};
					79BF0B1120A27DE600833411 = {
						CreatedOnToolsVersion = 9.3;
						TestTargetID = 79BF0AFA20A27DE300833411;
					};
					79BF0B1C20A27DE600833411 = {
						CreatedOnToolsVersion = 9.3;
						TestTargetID = 79BF0AFA20A27DE300833411;
					};
				};
			};
			buildConfigurationList = 79BF0AF620A27DE300833411 /* Build configuration list for PBXProject "Shopify_Deepesh" */;
			compatibilityVersion = "Xcode 9.3";
			developmentRegion = en;
			hasScannedForEncodings = 0;
			knownRegions = (
				en,
				Base,
			);
			mainGroup = 79BF0AF220A27DE300833411;
			productRefGroup = 79BF0AFC20A27DE300833411 /* Products */;
			projectDirPath = "";
			projectRoot = "";
			targets = (
				79BF0AFA20A27DE300833411 /* Shopify_Deepesh */,
				79BF0B1120A27DE600833411 /* Shopify_DeepeshTests */,
				79BF0B1C20A27DE600833411 /* Shopify_DeepeshUITests */,
			);
		};
/* End PBXProject section */

/* Begin PBXResourcesBuildPhase section */
		79BF0AF920A27DE300833411 /* Resources */ = {
			isa = PBXResourcesBuildPhase;
			buildActionMask = 2147483647;
			files = (
				79BF0B0C20A27DE600833411 /* LaunchScreen.storyboard in Resources */,
				79BF0B0920A27DE600833411 /* Assets.xcassets in Resources */,
				79BF0B0420A27DE300833411 /* Main.storyboard in Resources */,
			);
			runOnlyForDeploymentPostprocessing = 0;
		};
		79BF0B1020A27DE600833411 /* Resources */ = {
			isa = PBXResourcesBuildPhase;
			buildActionMask = 2147483647;
			files = (
			);
			runOnlyForDeploymentPostprocessing = 0;
		};
		79BF0B1B20A27DE600833411 /* Resources */ = {
			isa = PBXResourcesBuildPhase;
			buildActionMask = 2147483647;
			files = (
			);
			runOnlyForDeploymentPostprocessing = 0;
		};
/* End PBXResourcesBuildPhase section */

/* Begin PBXSourcesBuildPhase section */
		79BF0AF720A27DE300833411 /* Sources */ = {
			isa = PBXSourcesBuildPhase;
			buildActionMask = 2147483647;
			files = (
				79BF0B0120A27DE300833411 /* ViewController.swift in Sources */,
				79BF0AFF20A27DE300833411 /* AppDelegate.swift in Sources */,
				79BF0B0720A27DE300833411 /* Shopify_Deepesh.xcdatamodeld in Sources */,
			);
			runOnlyForDeploymentPostprocessing = 0;
		};
		79BF0B0E20A27DE600833411 /* Sources */ = {
			isa = PBXSourcesBuildPhase;
			buildActionMask = 2147483647;
			files = (
				79BF0B1720A27DE600833411 /* Shopify_DeepeshTests.swift in Sources */,
			);
			runOnlyForDeploymentPostprocessing = 0;
		};
		79BF0B1920A27DE600833411 /* Sources */ = {
			isa = PBXSourcesBuildPhase;
			buildActionMask = 2147483647;
			files = (
				79BF0B2220A27DE600833411 /* Shopify_DeepeshUITests.swift in Sources */,
			);
			runOnlyForDeploymentPostprocessing = 0;
		};
/* End PBXSourcesBuildPhase section */

/* Begin PBXTargetDependency section */
		79BF0B1420A27DE600833411 /* PBXTargetDependency */ = {
			isa = PBXTargetDependency;
			target = 79BF0AFA20A27DE300833411 /* Shopify_Deepesh */;
			targetProxy = 79BF0B1320A27DE600833411 /* PBXContainerItemProxy */;
		};
		79BF0B1F20A27DE600833411 /* PBXTargetDependency */ = {
			isa = PBXTargetDependency;
			target = 79BF0AFA20A27DE300833411 /* Shopify_Deepesh */;
			targetProxy = 79BF0B1E20A27DE600833411 /* PBXContainerItemProxy */;
		};
/* End PBXTargetDependency section */

/* Begin PBXVariantGroup section */
		79BF0B0220A27DE300833411 /* Main.storyboard */ = {
			isa = PBXVariantGroup;
			children = (
				79BF0B0320A27DE300833411 /* Base */,
			);
			name = Main.storyboard;
			sourceTree = "<group>";
		};
		79BF0B0A20A27DE600833411 /* LaunchScreen.storyboard */ = {
			isa = PBXVariantGroup;
			children = (
				79BF0B0B20A27DE600833411 /* Base */,
			);
			name = LaunchScreen.storyboard;
			sourceTree = "<group>";
		};
/* End PBXVariantGroup section */

/* Begin XCBuildConfiguration section */
		79BF0B2420A27DE600833411 /* Debug */ = {
			isa = XCBuildConfiguration;
			buildSettings = {
				ALWAYS_SEARCH_USER_PATHS = NO;
				CLANG_ANALYZER_NONNULL = YES;
				CLANG_ANALYZER_NUMBER_OBJECT_CONVERSION = YES_AGGRESSIVE;
				CLANG_CXX_LANGUAGE_STANDARD = "gnu++14";
				CLANG_CXX_LIBRARY = "libc++";
				CLANG_ENABLE_MODULES = YES;
				CLANG_ENABLE_OBJC_ARC = YES;
				CLANG_ENABLE_OBJC_WEAK = YES;
				CLANG_WARN_BLOCK_CAPTURE_AUTORELEASING = YES;
				CLANG_WARN_BOOL_CONVERSION = YES;
				CLANG_WARN_COMMA = YES;
				CLANG_WARN_CONSTANT_CONVERSION = YES;
				CLANG_WARN_DEPRECATED_OBJC_IMPLEMENTATIONS = YES;
				CLANG_WARN_DIRECT_OBJC_ISA_USAGE = YES_ERROR;
				CLANG_WARN_DOCUMENTATION_COMMENTS = YES;
				CLANG_WARN_EMPTY_BODY = YES;
				CLANG_WARN_ENUM_CONVERSION = YES;
				CLANG_WARN_INFINITE_RECURSION = YES;
				CLANG_WARN_INT_CONVERSION = YES;
				CLANG_WARN_NON_LITERAL_NULL_CONVERSION = YES;
				CLANG_WARN_OBJC_IMPLICIT_RETAIN_SELF = YES;
				CLANG_WARN_OBJC_LITERAL_CONVERSION = YES;
				CLANG_WARN_OBJC_ROOT_CLASS = YES_ERROR;
				CLANG_WARN_RANGE_LOOP_ANALYSIS = YES;
				CLANG_WARN_STRICT_PROTOTYPES = YES;
				CLANG_WARN_SUSPICIOUS_MOVE = YES;
				CLANG_WARN_UNGUARDED_AVAILABILITY = YES_AGGRESSIVE;
				CLANG_WARN_UNREACHABLE_CODE = YES;
				CLANG_WARN__DUPLICATE_METHOD_MATCH = YES;
				CODE_SIGN_IDENTITY = "iPhone Developer";
				COPY_PHASE_STRIP = NO;
				DEBUG_INFORMATION_FORMAT = dwarf;
				ENABLE_STRICT_OBJC_MSGSEND = YES;
				ENABLE_TESTABILITY = YES;
				GCC_C_LANGUAGE_STANDARD = gnu11;
				GCC_DYNAMIC_NO_PIC = NO;
				GCC_NO_COMMON_BLOCKS = YES;
				GCC_OPTIMIZATION_LEVEL = 0;
				GCC_PREPROCESSOR_DEFINITIONS = (
					"DEBUG=1",
					"$(inherited)",
				);
				GCC_WARN_64_TO_32_BIT_CONVERSION = YES;
				GCC_WARN_ABOUT_RETURN_TYPE = YES_ERROR;
				GCC_WARN_UNDECLARED_SELECTOR = YES;
				GCC_WARN_UNINITIALIZED_AUTOS = YES_AGGRESSIVE;
				GCC_WARN_UNUSED_FUNCTION = YES;
				GCC_WARN_UNUSED_VARIABLE = YES;
				IPHONEOS_DEPLOYMENT_TARGET = 11.3;
				MTL_ENABLE_DEBUG_INFO = YES;
				ONLY_ACTIVE_ARCH = YES;
				SDKROOT = iphoneos;
				SWIFT_ACTIVE_COMPILATION_CONDITIONS = DEBUG;
				SWIFT_OPTIMIZATION_LEVEL = "-Onone";
			};
			name = Debug;
		};
		79BF0B2520A27DE600833411 /* Release */ = {
			isa = XCBuildConfiguration;
			buildSettings = {
				ALWAYS_SEARCH_USER_PATHS = NO;
				CLANG_ANALYZER_NONNULL = YES;
				CLANG_ANALYZER_NUMBER_OBJECT_CONVERSION = YES_AGGRESSIVE;
				CLANG_CXX_LANGUAGE_STANDARD = "gnu++14";
				CLANG_CXX_LIBRARY = "libc++";
				CLANG_ENABLE_MODULES = YES;
				CLANG_ENABLE_OBJC_ARC = YES;
				CLANG_ENABLE_OBJC_WEAK = YES;
				CLANG_WARN_BLOCK_CAPTURE_AUTORELEASING = YES;
				CLANG_WARN_BOOL_CONVERSION = YES;
				CLANG_WARN_COMMA = YES;
				CLANG_WARN_CONSTANT_CONVERSION = YES;
				CLANG_WARN_DEPRECATED_OBJC_IMPLEMENTATIONS = YES;
				CLANG_WARN_DIRECT_OBJC_ISA_USAGE = YES_ERROR;
				CLANG_WARN_DOCUMENTATION_COMMENTS = YES;
				CLANG_WARN_EMPTY_BODY = YES;
				CLANG_WARN_ENUM_CONVERSION = YES;
				CLANG_WARN_INFINITE_RECURSION = YES;
				CLANG_WARN_INT_CONVERSION = YES;
				CLANG_WARN_NON_LITERAL_NULL_CONVERSION = YES;
				CLANG_WARN_OBJC_IMPLICIT_RETAIN_SELF = YES;
				CLANG_WARN_OBJC_LITERAL_CONVERSION = YES;
				CLANG_WARN_OBJC_ROOT_CLASS = YES_ERROR;
				CLANG_WARN_RANGE_LOOP_ANALYSIS = YES;
				CLANG_WARN_STRICT_PROTOTYPES = YES;
				CLANG_WARN_SUSPICIOUS_MOVE = YES;
				CLANG_WARN_UNGUARDED_AVAILABILITY = YES_AGGRESSIVE;
				CLANG_WARN_UNREACHABLE_CODE = YES;
				CLANG_WARN__DUPLICATE_METHOD_MATCH = YES;
				CODE_SIGN_IDENTITY = "iPhone Developer";
				COPY_PHASE_STRIP = NO;
				DEBUG_INFORMATION_FORMAT = "dwarf-with-dsym";
				ENABLE_NS_ASSERTIONS = NO;
				ENABLE_STRICT_OBJC_MSGSEND = YES;
				GCC_C_LANGUAGE_STANDARD = gnu11;
				GCC_NO_COMMON_BLOCKS = YES;
				GCC_WARN_64_TO_32_BIT_CONVERSION = YES;
				GCC_WARN_ABOUT_RETURN_TYPE = YES_ERROR;
				GCC_WARN_UNDECLARED_SELECTOR = YES;
				GCC_WARN_UNINITIALIZED_AUTOS = YES_AGGRESSIVE;
				GCC_WARN_UNUSED_FUNCTION = YES;
				GCC_WARN_UNUSED_VARIABLE = YES;
				IPHONEOS_DEPLOYMENT_TARGET = 11.3;
				MTL_ENABLE_DEBUG_INFO = NO;
				SDKROOT = iphoneos;
				SWIFT_COMPILATION_MODE = wholemodule;
				SWIFT_OPTIMIZATION_LEVEL = "-O";
				VALIDATE_PRODUCT = YES;
			};
			name = Release;
		};
		79BF0B2720A27DE600833411 /* Debug */ = {
			isa = XCBuildConfiguration;
			buildSettings = {
				ASSETCATALOG_COMPILER_APPICON_NAME = AppIcon;
				CODE_SIGN_STYLE = Automatic;
				INFOPLIST_FILE = Shopify_Deepesh/Info.plist;
				LD_RUNPATH_SEARCH_PATHS = (
					"$(inherited)",
					"@executable_path/Frameworks",
				);
				PRODUCT_BUNDLE_IDENTIFIER = "com.deepesh.Shopify-Deepesh";
				PRODUCT_NAME = "$(TARGET_NAME)";
				SWIFT_VERSION = 4.0;
				TARGETED_DEVICE_FAMILY = "1,2";
			};
			name = Debug;
		};
		79BF0B2820A27DE600833411 /* Release */ = {
			isa = XCBuildConfiguration;
			buildSettings = {
				ASSETCATALOG_COMPILER_APPICON_NAME = AppIcon;
				CODE_SIGN_STYLE = Automatic;
				INFOPLIST_FILE = Shopify_Deepesh/Info.plist;
				LD_RUNPATH_SEARCH_PATHS = (
					"$(inherited)",
					"@executable_path/Frameworks",
				);
				PRODUCT_BUNDLE_IDENTIFIER = "com.deepesh.Shopify-Deepesh";
				PRODUCT_NAME = "$(TARGET_NAME)";
				SWIFT_VERSION = 4.0;
				TARGETED_DEVICE_FAMILY = "1,2";
			};
			name = Release;
		};
		79BF0B2A20A27DE600833411 /* Debug */ = {
			isa = XCBuildConfiguration;
			buildSettings = {
				ALWAYS_EMBED_SWIFT_STANDARD_LIBRARIES = YES;
				BUNDLE_LOADER = "$(TEST_HOST)";
				CODE_SIGN_STYLE = Automatic;
				INFOPLIST_FILE = Shopify_DeepeshTests/Info.plist;
				LD_RUNPATH_SEARCH_PATHS = (
					"$(inherited)",
					"@executable_path/Frameworks",
					"@loader_path/Frameworks",
				);
				PRODUCT_BUNDLE_IDENTIFIER = "com.deepesh.Shopify-DeepeshTests";
				PRODUCT_NAME = "$(TARGET_NAME)";
				SWIFT_VERSION = 4.0;
				TARGETED_DEVICE_FAMILY = "1,2";
				TEST_HOST = "$(BUILT_PRODUCTS_DIR)/Shopify_Deepesh.app/Shopify_Deepesh";
			};
			name = Debug;
		};
		79BF0B2B20A27DE600833411 /* Release */ = {
			isa = XCBuildConfiguration;
			buildSettings = {
				ALWAYS_EMBED_SWIFT_STANDARD_LIBRARIES = YES;
				BUNDLE_LOADER = "$(TEST_HOST)";
				CODE_SIGN_STYLE = Automatic;
				INFOPLIST_FILE = Shopify_DeepeshTests/Info.plist;
				LD_RUNPATH_SEARCH_PATHS = (
					"$(inherited)",
					"@executable_path/Frameworks",
					"@loader_path/Frameworks",
				);
				PRODUCT_BUNDLE_IDENTIFIER = "com.deepesh.Shopify-DeepeshTests";
				PRODUCT_NAME = "$(TARGET_NAME)";
				SWIFT_VERSION = 4.0;
				TARGETED_DEVICE_FAMILY = "1,2";
				TEST_HOST = "$(BUILT_PRODUCTS_DIR)/Shopify_Deepesh.app/Shopify_Deepesh";
			};
			name = Release;
		};
		79BF0B2D20A27DE600833411 /* Debug */ = {
			isa = XCBuildConfiguration;
			buildSettings = {
				ALWAYS_EMBED_SWIFT_STANDARD_LIBRARIES = YES;
				CODE_SIGN_STYLE = Automatic;
				INFOPLIST_FILE = Shopify_DeepeshUITests/Info.plist;
				LD_RUNPATH_SEARCH_PATHS = (
					"$(inherited)",
					"@executable_path/Frameworks",
					"@loader_path/Frameworks",
				);
				PRODUCT_BUNDLE_IDENTIFIER = "com.deepesh.Shopify-DeepeshUITests";
				PRODUCT_NAME = "$(TARGET_NAME)";
				SWIFT_VERSION = 4.0;
				TARGETED_DEVICE_FAMILY = "1,2";
				TEST_TARGET_NAME = Shopify_Deepesh;
			};
			name = Debug;
		};
		79BF0B2E20A27DE600833411 /* Release */ = {
			isa = XCBuildConfiguration;
			buildSettings = {
				ALWAYS_EMBED_SWIFT_STANDARD_LIBRARIES = YES;
				CODE_SIGN_STYLE = Automatic;
				INFOPLIST_FILE = Shopify_DeepeshUITests/Info.plist;
				LD_RUNPATH_SEARCH_PATHS = (
					"$(inherited)",
					"@executable_path/Frameworks",
					"@loader_path/Frameworks",
				);
				PRODUCT_BUNDLE_IDENTIFIER = "com.deepesh.Shopify-DeepeshUITests";
				PRODUCT_NAME = "$(TARGET_NAME)";
				SWIFT_VERSION = 4.0;
				TARGETED_DEVICE_FAMILY = "1,2";
				TEST_TARGET_NAME = Shopify_Deepesh;
			};
			name = Release;
		};
/* End XCBuildConfiguration section */

/* Begin XCConfigurationList section */
		79BF0AF620A27DE300833411 /* Build configuration list for PBXProject "Shopify_Deepesh" */ = {
			isa = XCConfigurationList;
			buildConfigurations = (
				79BF0B2420A27DE600833411 /* Debug */,
				79BF0B2520A27DE600833411 /* Release */,
			);
			defaultConfigurationIsVisible = 0;
			defaultConfigurationName = Release;
		};
		79BF0B2620A27DE600833411 /* Build configuration list for PBXNativeTarget "Shopify_Deepesh" */ = {
			isa = XCConfigurationList;
			buildConfigurations = (
				79BF0B2720A27DE600833411 /* Debug */,
				79BF0B2820A27DE600833411 /* Release */,
			);
			defaultConfigurationIsVisible = 0;
			defaultConfigurationName = Release;
		};
		79BF0B2920A27DE600833411 /* Build configuration list for PBXNativeTarget "Shopify_DeepeshTests" */ = {
			isa = XCConfigurationList;
			buildConfigurations = (
				79BF0B2A20A27DE600833411 /* Debug */,
				79BF0B2B20A27DE600833411 /* Release */,
			);
			defaultConfigurationIsVisible = 0;
			defaultConfigurationName = Release;
		};
		79BF0B2C20A27DE600833411 /* Build configuration list for PBXNativeTarget "Shopify_DeepeshUITests" */ = {
			isa = XCConfigurationList;
			buildConfigurations = (
				79BF0B2D20A27DE600833411 /* Debug */,
				79BF0B2E20A27DE600833411 /* Release */,
			);
			defaultConfigurationIsVisible = 0;
			defaultConfigurationName = Release;
		};
/* End XCConfigurationList section */

/* Begin XCVersionGroup section */
		79BF0B0520A27DE300833411 /* Shopify_Deepesh.xcdatamodeld */ = {
			isa = XCVersionGroup;
			children = (
				79BF0B0620A27DE300833411 /* Shopify_Deepesh.xcdatamodel */,
			);
			currentVersion = 79BF0B0620A27DE300833411 /* Shopify_Deepesh.xcdatamodel */;
			path = Shopify_Deepesh.xcdatamodeld;
			sourceTree = "<group>";
			versionGroupType = wrapper.xcdatamodel;
		};
/* End XCVersionGroup section */
	};
	rootObject = 79BF0AF320A27DE300833411 /* Project object */;
}
